// !$*UTF8*$!
{
	archiveVersion = 1;
	classes = {
	};
	objectVersion = 46;
	objects = {

/* Begin PBXBuildFile section */
		4732F2711E1AAD61002EEBD7 /* AppDelegate.swift in Sources */ = {isa = PBXBuildFile; fileRef = 4732F2701E1AAD61002EEBD7 /* AppDelegate.swift */; };
		4732F2731E1AAD61002EEBD7 /* ViewController.swift in Sources */ = {isa = PBXBuildFile; fileRef = 4732F2721E1AAD61002EEBD7 /* ViewController.swift */; };
		4732F2761E1AAD61002EEBD7 /* Main.storyboard in Resources */ = {isa = PBXBuildFile; fileRef = 4732F2741E1AAD61002EEBD7 /* Main.storyboard */; };
		4732F2781E1AAD61002EEBD7 /* Assets.xcassets in Resources */ = {isa = PBXBuildFile; fileRef = 4732F2771E1AAD61002EEBD7 /* Assets.xcassets */; };
		4732F27B1E1AAD61002EEBD7 /* LaunchScreen.storyboard in Resources */ = {isa = PBXBuildFile; fileRef = 4732F2791E1AAD61002EEBD7 /* LaunchScreen.storyboard */; };
		4732F2861E1AAD61002EEBD7 /* swiftDemoUIKitTests.swift in Sources */ = {isa = PBXBuildFile; fileRef = 4732F2851E1AAD61002EEBD7 /* swiftDemoUIKitTests.swift */; };
		4732F2911E1AAD61002EEBD7 /* swiftDemoUIKitUITests.swift in Sources */ = {isa = PBXBuildFile; fileRef = 4732F2901E1AAD61002EEBD7 /* swiftDemoUIKitUITests.swift */; };
		4732F29F1E1AADC2002EEBD7 /* open.swift in Sources */ = {isa = PBXBuildFile; fileRef = 4732F29E1E1AADC2002EEBD7 /* open.swift */; };
/* End PBXBuildFile section */

/* Begin PBXContainerItemProxy section */
		4732F2821E1AAD61002EEBD7 /* PBXContainerItemProxy */ = {
			isa = PBXContainerItemProxy;
			containerPortal = 4732F2651E1AAD61002EEBD7 /* Project object */;
			proxyType = 1;
			remoteGlobalIDString = 4732F26C1E1AAD61002EEBD7;
			remoteInfo = swiftDemoUIKit;
		};
		4732F28D1E1AAD61002EEBD7 /* PBXContainerItemProxy */ = {
			isa = PBXContainerItemProxy;
			containerPortal = 4732F2651E1AAD61002EEBD7 /* Project object */;
			proxyType = 1;
			remoteGlobalIDString = 4732F26C1E1AAD61002EEBD7;
			remoteInfo = swiftDemoUIKit;
		};
/* End PBXContainerItemProxy section */

/* Begin PBXFileReference section */
		4732F26D1E1AAD61002EEBD7 /* swiftDemoUIKit.app */ = {isa = PBXFileReference; explicitFileType = wrapper.application; includeInIndex = 0; path = swiftDemoUIKit.app; sourceTree = BUILT_PRODUCTS_DIR; };
		4732F2701E1AAD61002EEBD7 /* AppDelegate.swift */ = {isa = PBXFileReference; lastKnownFileType = sourcecode.swift; path = AppDelegate.swift; sourceTree = "<group>"; };
		4732F2721E1AAD61002EEBD7 /* ViewController.swift */ = {isa = PBXFileReference; lastKnownFileType = sourcecode.swift; path = ViewController.swift; sourceTree = "<group>"; };
		4732F2751E1AAD61002EEBD7 /* Base */ = {isa = PBXFileReference; lastKnownFileType = file.storyboard; name = Base; path = Base.lproj/Main.storyboard; sourceTree = "<group>"; };
		4732F2771E1AAD61002EEBD7 /* Assets.xcassets */ = {isa = PBXFileReference; lastKnownFileType = folder.assetcatalog; path = Assets.xcassets; sourceTree = "<group>"; };
		4732F27A1E1AAD61002EEBD7 /* Base */ = {isa = PBXFileReference; lastKnownFileType = file.storyboard; name = Base; path = Base.lproj/LaunchScreen.storyboard; sourceTree = "<group>"; };
		4732F27C1E1AAD61002EEBD7 /* Info.plist */ = {isa = PBXFileReference; lastKnownFileType = text.plist.xml; path = Info.plist; sourceTree = "<group>"; };
		4732F2811E1AAD61002EEBD7 /* swiftDemoUIKitTests.xctest */ = {isa = PBXFileReference; explicitFileType = wrapper.cfbundle; includeInIndex = 0; path = swiftDemoUIKitTests.xctest; sourceTree = BUILT_PRODUCTS_DIR; };
		4732F2851E1AAD61002EEBD7 /* swiftDemoUIKitTests.swift */ = {isa = PBXFileReference; lastKnownFileType = sourcecode.swift; path = swiftDemoUIKitTests.swift; sourceTree = "<group>"; };
		4732F2871E1AAD61002EEBD7 /* Info.plist */ = {isa = PBXFileReference; lastKnownFileType = text.plist.xml; path = Info.plist; sourceTree = "<group>"; };
		4732F28C1E1AAD61002EEBD7 /* swiftDemoUIKitUITests.xctest */ = {isa = PBXFileReference; explicitFileType = wrapper.cfbundle; includeInIndex = 0; path = swiftDemoUIKitUITests.xctest; sourceTree = BUILT_PRODUCTS_DIR; };
		4732F2901E1AAD61002EEBD7 /* swiftDemoUIKitUITests.swift */ = {isa = PBXFileReference; lastKnownFileType = sourcecode.swift; path = swiftDemoUIKitUITests.swift; sourceTree = "<group>"; };
		4732F2921E1AAD61002EEBD7 /* Info.plist */ = {isa = PBXFileReference; lastKnownFileType = text.plist.xml; path = Info.plist; sourceTree = "<group>"; };
		4732F29E1E1AADC2002EEBD7 /* open.swift */ = {isa = PBXFileReference; fileEncoding = 4; lastKnownFileType = sourcecode.swift; path = open.swift; sourceTree = "<group>"; };
/* End PBXFileReference section */

/* Begin PBXFrameworksBuildPhase section */
		4732F26A1E1AAD61002EEBD7 /* Frameworks */ = {
			isa = PBXFrameworksBuildPhase;
			buildActionMask = 2147483647;
			files = (
			);
			runOnlyForDeploymentPostprocessing = 0;
		};
		4732F27E1E1AAD61002EEBD7 /* Frameworks */ = {
			isa = PBXFrameworksBuildPhase;
			buildActionMask = 2147483647;
			files = (
			);
			runOnlyForDeploymentPostprocessing = 0;
		};
		4732F2891E1AAD61002EEBD7 /* Frameworks */ = {
			isa = PBXFrameworksBuildPhase;
			buildActionMask = 2147483647;
			files = (
			);
			runOnlyForDeploymentPostprocessing = 0;
		};
/* End PBXFrameworksBuildPhase section */

/* Begin PBXGroup section */
		4732F2641E1AAD61002EEBD7 = {
			isa = PBXGroup;
			children = (
				4732F26F1E1AAD61002EEBD7 /* swiftDemoUIKit */,
				4732F2841E1AAD61002EEBD7 /* swiftDemoUIKitTests */,
				4732F28F1E1AAD61002EEBD7 /* swiftDemoUIKitUITests */,
				4732F26E1E1AAD61002EEBD7 /* Products */,
			);
			sourceTree = "<group>";
		};
		4732F26E1E1AAD61002EEBD7 /* Products */ = {
			isa = PBXGroup;
			children = (
				4732F26D1E1AAD61002EEBD7 /* swiftDemoUIKit.app */,
				4732F2811E1AAD61002EEBD7 /* swiftDemoUIKitTests.xctest */,
				4732F28C1E1AAD61002EEBD7 /* swiftDemoUIKitUITests.xctest */,
			);
			name = Products;
			sourceTree = "<group>";
		};
		4732F26F1E1AAD61002EEBD7 /* swiftDemoUIKit */ = {
			isa = PBXGroup;
			children = (
				4732F2701E1AAD61002EEBD7 /* AppDelegate.swift */,
				4732F29E1E1AADC2002EEBD7 /* open.swift */,
				4732F2721E1AAD61002EEBD7 /* ViewController.swift */,
				4732F2741E1AAD61002EEBD7 /* Main.storyboard */,
				4732F2771E1AAD61002EEBD7 /* Assets.xcassets */,
				4732F2791E1AAD61002EEBD7 /* LaunchScreen.storyboard */,
				4732F27C1E1AAD61002EEBD7 /* Info.plist */,
			);
			path = swiftDemoUIKit;
			sourceTree = "<group>";
		};
		4732F2841E1AAD61002EEBD7 /* swiftDemoUIKitTests */ = {
			isa = PBXGroup;
			children = (
				4732F2851E1AAD61002EEBD7 /* swiftDemoUIKitTests.swift */,
				4732F2871E1AAD61002EEBD7 /* Info.plist */,
			);
			path = swiftDemoUIKitTests;
			sourceTree = "<group>";
		};
		4732F28F1E1AAD61002EEBD7 /* swiftDemoUIKitUITests */ = {
			isa = PBXGroup;
			children = (
				4732F2901E1AAD61002EEBD7 /* swiftDemoUIKitUITests.swift */,
				4732F2921E1AAD61002EEBD7 /* Info.plist */,
			);
			path = swiftDemoUIKitUITests;
			sourceTree = "<group>";
		};
/* End PBXGroup section */

/* Begin PBXNativeTarget section */
		4732F26C1E1AAD61002EEBD7 /* swiftDemoUIKit */ = {
			isa = PBXNativeTarget;
			buildConfigurationList = 4732F2951E1AAD61002EEBD7 /* Build configuration list for PBXNativeTarget "swiftDemoUIKit" */;
			buildPhases = (
				4732F2691E1AAD61002EEBD7 /* Sources */,
				4732F26A1E1AAD61002EEBD7 /* Frameworks */,
				4732F26B1E1AAD61002EEBD7 /* Resources */,
			);
			buildRules = (
			);
			dependencies = (
			);
			name = swiftDemoUIKit;
			productName = swiftDemoUIKit;
			productReference = 4732F26D1E1AAD61002EEBD7 /* swiftDemoUIKit.app */;
			productType = "com.apple.product-type.application";
		};
		4732F2801E1AAD61002EEBD7 /* swiftDemoUIKitTests */ = {
			isa = PBXNativeTarget;
			buildConfigurationList = 4732F2981E1AAD61002EEBD7 /* Build configuration list for PBXNativeTarget "swiftDemoUIKitTests" */;
			buildPhases = (
				4732F27D1E1AAD61002EEBD7 /* Sources */,
				4732F27E1E1AAD61002EEBD7 /* Frameworks */,
				4732F27F1E1AAD61002EEBD7 /* Resources */,
			);
			buildRules = (
			);
			dependencies = (
				4732F2831E1AAD61002EEBD7 /* PBXTargetDependency */,
			);
			name = swiftDemoUIKitTests;
			productName = swiftDemoUIKitTests;
			productReference = 4732F2811E1AAD61002EEBD7 /* swiftDemoUIKitTests.xctest */;
			productType = "com.apple.product-type.bundle.unit-test";
		};
		4732F28B1E1AAD61002EEBD7 /* swiftDemoUIKitUITests */ = {
			isa = PBXNativeTarget;
			buildConfigurationList = 4732F29B1E1AAD61002EEBD7 /* Build configuration list for PBXNativeTarget "swiftDemoUIKitUITests" */;
			buildPhases = (
				4732F2881E1AAD61002EEBD7 /* Sources */,
				4732F2891E1AAD61002EEBD7 /* Frameworks */,
				4732F28A1E1AAD61002EEBD7 /* Resources */,
			);
			buildRules = (
			);
			dependencies = (
				4732F28E1E1AAD61002EEBD7 /* PBXTargetDependency */,
			);
			name = swiftDemoUIKitUITests;
			productName = swiftDemoUIKitUITests;
			productReference = 4732F28C1E1AAD61002EEBD7 /* swiftDemoUIKitUITests.xctest */;
			productType = "com.apple.product-type.bundle.ui-testing";
		};
/* End PBXNativeTarget section */

/* Begin PBXProject section */
		4732F2651E1AAD61002EEBD7 /* Project object */ = {
			isa = PBXProject;
			attributes = {
				LastSwiftUpdateCheck = 0820;
				LastUpgradeCheck = 0820;
				ORGANIZATIONNAME = XSZ;
				TargetAttributes = {
					4732F26C1E1AAD61002EEBD7 = {
						CreatedOnToolsVersion = 8.2;
						DevelopmentTeam = 2NJ9C6HADX;
						ProvisioningStyle = Automatic;
					};
					4732F2801E1AAD61002EEBD7 = {
						CreatedOnToolsVersion = 8.2;
						DevelopmentTeam = 2NJ9C6HADX;
						ProvisioningStyle = Automatic;
						TestTargetID = 4732F26C1E1AAD61002EEBD7;
					};
					4732F28B1E1AAD61002EEBD7 = {
						CreatedOnToolsVersion = 8.2;
						DevelopmentTeam = 2NJ9C6HADX;
						ProvisioningStyle = Automatic;
						TestTargetID = 4732F26C1E1AAD61002EEBD7;
					};
				};
			};
			buildConfigurationList = 4732F2681E1AAD61002EEBD7 /* Build configuration list for PBXProject "swiftDemoUIKit" */;
			compatibilityVersion = "Xcode 3.2";
			developmentRegion = English;
			hasScannedForEncodings = 0;
			knownRegions = (
				en,
				Base,
			);
			mainGroup = 4732F2641E1AAD61002EEBD7;
			productRefGroup = 4732F26E1E1AAD61002EEBD7 /* Products */;
			projectDirPath = "";
			projectRoot = "";
			targets = (
				4732F26C1E1AAD61002EEBD7 /* swiftDemoUIKit */,
				4732F2801E1AAD61002EEBD7 /* swiftDemoUIKitTests */,
				4732F28B1E1AAD61002EEBD7 /* swiftDemoUIKitUITests */,
			);
		};
/* End PBXProject section */

/* Begin PBXResourcesBuildPhase section */
		4732F26B1E1AAD61002EEBD7 /* Resources */ = {
			isa = PBXResourcesBuildPhase;
			buildActionMask = 2147483647;
			files = (
				4732F27B1E1AAD61002EEBD7 /* LaunchScreen.storyboard in Resources */,
				4732F2781E1AAD61002EEBD7 /* Assets.xcassets in Resources */,
				4732F2761E1AAD61002EEBD7 /* Main.storyboard in Resources */,
			);
			runOnlyForDeploymentPostprocessing = 0;
		};
		4732F27F1E1AAD61002EEBD7 /* Resources */ = {
			isa = PBXResourcesBuildPhase;
			buildActionMask = 2147483647;
			files = (
			);
			runOnlyForDeploymentPostprocessing = 0;
		};
		4732F28A1E1AAD61002EEBD7 /* Resources */ = {
			isa = PBXResourcesBuildPhase;
			buildActionMask = 2147483647;
			files = (
			);
			runOnlyForDeploymentPostprocessing = 0;
		};
/* End PBXResourcesBuildPhase section */

/* Begin PBXSourcesBuildPhase section */
		4732F2691E1AAD61002EEBD7 /* Sources */ = {
			isa = PBXSourcesBuildPhase;
			buildActionMask = 2147483647;
			files = (
				4732F2731E1AAD61002EEBD7 /* ViewController.swift in Sources */,
				4732F29F1E1AADC2002EEBD7 /* open.swift in Sources */,
				4732F2711E1AAD61002EEBD7 /* AppDelegate.swift in Sources */,
			);
			runOnlyForDeploymentPostprocessing = 0;
		};
		4732F27D1E1AAD61002EEBD7 /* Sources */ = {
			isa = PBXSourcesBuildPhase;
			buildActionMask = 2147483647;
			files = (
				4732F2861E1AAD61002EEBD7 /* swiftDemoUIKitTests.swift in Sources */,
			);
			runOnlyForDeploymentPostprocessing = 0;
		};
		4732F2881E1AAD61002EEBD7 /* Sources */ = {
			isa = PBXSourcesBuildPhase;
			buildActionMask = 2147483647;
			files = (
				4732F2911E1AAD61002EEBD7 /* swiftDemoUIKitUITests.swift in Sources */,
			);
			runOnlyForDeploymentPostprocessing = 0;
		};
/* End PBXSourcesBuildPhase section */

/* Begin PBXTargetDependency section */
		4732F2831E1AAD61002EEBD7 /* PBXTargetDependency */ = {
			isa = PBXTargetDependency;
			target = 4732F26C1E1AAD61002EEBD7 /* swiftDemoUIKit */;
			targetProxy = 4732F2821E1AAD61002EEBD7 /* PBXContainerItemProxy */;
		};
		4732F28E1E1AAD61002EEBD7 /* PBXTargetDependency */ = {
			isa = PBXTargetDependency;
			target = 4732F26C1E1AAD61002EEBD7 /* swiftDemoUIKit */;
			targetProxy = 4732F28D1E1AAD61002EEBD7 /* PBXContainerItemProxy */;
		};
/* End PBXTargetDependency section */

/* Begin PBXVariantGroup section */
		4732F2741E1AAD61002EEBD7 /* Main.storyboard */ = {
			isa = PBXVariantGroup;
			children = (
				4732F2751E1AAD61002EEBD7 /* Base */,
			);
			name = Main.storyboard;
			sourceTree = "<group>";
		};
		4732F2791E1AAD61002EEBD7 /* LaunchScreen.storyboard */ = {
			isa = PBXVariantGroup;
			children = (
				4732F27A1E1AAD61002EEBD7 /* Base */,
			);
			name = LaunchScreen.storyboard;
			sourceTree = "<group>";
		};
/* End PBXVariantGroup section */

/* Begin XCBuildConfiguration section */
		4732F2931E1AAD61002EEBD7 /* Debug */ = {
			isa = XCBuildConfiguration;
			buildSettings = {
				ALWAYS_SEARCH_USER_PATHS = NO;
				CLANG_ANALYZER_NONNULL = YES;
				CLANG_CXX_LANGUAGE_STANDARD = "gnu++0x";
				CLANG_CXX_LIBRARY = "libc++";
				CLANG_ENABLE_MODULES = YES;
				CLANG_ENABLE_OBJC_ARC = YES;
				CLANG_WARN_BOOL_CONVERSION = YES;
				CLANG_WARN_CONSTANT_CONVERSION = YES;
				CLANG_WARN_DIRECT_OBJC_ISA_USAGE = YES_ERROR;
				CLANG_WARN_DOCUMENTATION_COMMENTS = YES;
				CLANG_WARN_EMPTY_BODY = YES;
				CLANG_WARN_ENUM_CONVERSION = YES;
				CLANG_WARN_INFINITE_RECURSION = YES;
				CLANG_WARN_INT_CONVERSION = YES;
				CLANG_WARN_OBJC_ROOT_CLASS = YES_ERROR;
				CLANG_WARN_SUSPICIOUS_MOVE = YES;
				CLANG_WARN_UNREACHABLE_CODE = YES;
				CLANG_WARN__DUPLICATE_METHOD_MATCH = YES;
				"CODE_SIGN_IDENTITY[sdk=iphoneos*]" = "iPhone Developer";
				COPY_PHASE_STRIP = NO;
				DEBUG_INFORMATION_FORMAT = dwarf;
				ENABLE_STRICT_OBJC_MSGSEND = YES;
				ENABLE_TESTABILITY = YES;
				GCC_C_LANGUAGE_STANDARD = gnu99;
				GCC_DYNAMIC_NO_PIC = NO;
				GCC_NO_COMMON_BLOCKS = YES;
				GCC_OPTIMIZATION_LEVEL = 0;
				GCC_PREPROCESSOR_DEFINITIONS = (
					"DEBUG=1",
					"$(inherited)",
				);
				GCC_WARN_64_TO_32_BIT_CONVERSION = YES;
				GCC_WARN_ABOUT_RETURN_TYPE = YES_ERROR;
				GCC_WARN_UNDECLARED_SELECTOR = YES;
				GCC_WARN_UNINITIALIZED_AUTOS = YES_AGGRESSIVE;
				GCC_WARN_UNUSED_FUNCTION = YES;
				GCC_WARN_UNUSED_VARIABLE = YES;
				IPHONEOS_DEPLOYMENT_TARGET = 10.2;
				MTL_ENABLE_DEBUG_INFO = YES;
				ONLY_ACTIVE_ARCH = YES;
				SDKROOT = iphoneos;
				SWIFT_ACTIVE_COMPILATION_CONDITIONS = DEBUG;
				SWIFT_OPTIMIZATION_LEVEL = "-Onone";
			};
			name = Debug;
		};
		4732F2941E1AAD61002EEBD7 /* Release */ = {
			isa = XCBuildConfiguration;
			buildSettings = {
				ALWAYS_SEARCH_USER_PATHS = NO;
				CLANG_ANALYZER_NONNULL = YES;
				CLANG_CXX_LANGUAGE_STANDARD = "gnu++0x";
				CLANG_CXX_LIBRARY = "libc++";
				CLANG_ENABLE_MODULES = YES;
				CLANG_ENABLE_OBJC_ARC = YES;
				CLANG_WARN_BOOL_CONVERSION = YES;
				CLANG_WARN_CONSTANT_CONVERSION = YES;
				CLANG_WARN_DIRECT_OBJC_ISA_USAGE = YES_ERROR;
				CLANG_WARN_DOCUMENTATION_COMMENTS = YES;
				CLANG_WARN_EMPTY_BODY = YES;
				CLANG_WARN_ENUM_CONVERSION = YES;
				CLANG_WARN_INFINITE_RECURSION = YES;
				CLANG_WARN_INT_CONVERSION = YES;
				CLANG_WARN_OBJC_ROOT_CLASS = YES_ERROR;
				CLANG_WARN_SUSPICIOUS_MOVE = YES;
				CLANG_WARN_UNREACHABLE_CODE = YES;
				CLANG_WARN__DUPLICATE_METHOD_MATCH = YES;
				"CODE_SIGN_IDENTITY[sdk=iphoneos*]" = "iPhone Developer";
				COPY_PHASE_STRIP = NO;
				DEBUG_INFORMATION_FORMAT = "dwarf-with-dsym";
				ENABLE_NS_ASSERTIONS = NO;
				ENABLE_STRICT_OBJC_MSGSEND = YES;
				GCC_C_LANGUAGE_STANDARD = gnu99;
				GCC_NO_COMMON_BLOCKS = YES;
				GCC_WARN_64_TO_32_BIT_CONVERSION = YES;
				GCC_WARN_ABOUT_RETURN_TYPE = YES_ERROR;
				GCC_WARN_UNDECLARED_SELECTOR = YES;
				GCC_WARN_UNINITIALIZED_AUTOS = YES_AGGRESSIVE;
				GCC_WARN_UNUSED_FUNCTION = YES;
				GCC_WARN_UNUSED_VARIABLE = YES;
				IPHONEOS_DEPLOYMENT_TARGET = 10.2;
				MTL_ENABLE_DEBUG_INFO = NO;
				SDKROOT = iphoneos;
				SWIFT_OPTIMIZATION_LEVEL = "-Owholemodule";
				VALIDATE_PRODUCT = YES;
			};
			name = Release;
		};
		4732F2961E1AAD61002EEBD7 /* Debug */ = {
			isa = XCBuildConfiguration;
			buildSettings = {
				ASSETCATALOG_COMPILER_APPICON_NAME = AppIcon;
				DEVELOPMENT_TEAM = 2NJ9C6HADX;
				INFOPLIST_FILE = swiftDemoUIKit/Info.plist;
				LD_RUNPATH_SEARCH_PATHS = "$(inherited) @executable_path/Frameworks";
				PRODUCT_BUNDLE_IDENTIFIER = com.project.swiftDemoUIKit;
				PRODUCT_NAME = "$(TARGET_NAME)";
				SWIFT_VERSION = 3.0;
			};
			name = Debug;
		};
		4732F2971E1AAD61002EEBD7 /* Release */ = {
			isa = XCBuildConfiguration;
			buildSettings = {
				ASSETCATALOG_COMPILER_APPICON_NAME = AppIcon;
				DEVELOPMENT_TEAM = 2NJ9C6HADX;
				INFOPLIST_FILE = swiftDemoUIKit/Info.plist;
				LD_RUNPATH_SEARCH_PATHS = "$(inherited) @executable_path/Frameworks";
				PRODUCT_BUNDLE_IDENTIFIER = com.project.swiftDemoUIKit;
				PRODUCT_NAME = "$(TARGET_NAME)";
				SWIFT_VERSION = 3.0;
			};
			name = Release;
		};
		4732F2991E1AAD61002EEBD7 /* Debug */ = {
			isa = XCBuildConfiguration;
			buildSettings = {
				ALWAYS_EMBED_SWIFT_STANDARD_LIBRARIES = YES;
				BUNDLE_LOADER = "$(TEST_HOST)";
				DEVELOPMENT_TEAM = 2NJ9C6HADX;
				INFOPLIST_FILE = swiftDemoUIKitTests/Info.plist;
				LD_RUNPATH_SEARCH_PATHS = "$(inherited) @executable_path/Frameworks @loader_path/Frameworks";
				PRODUCT_BUNDLE_IDENTIFIER = com.project.swiftDemoUIKitTests;
				PRODUCT_NAME = "$(TARGET_NAME)";
				SWIFT_VERSION = 3.0;
				TEST_HOST = "$(BUILT_PRODUCTS_DIR)/swiftDemoUIKit.app/swiftDemoUIKit";
			};
			name = Debug;
		};
		4732F29A1E1AAD61002EEBD7 /* Release */ = {
			isa = XCBuildConfiguration;
			buildSettings = {
				ALWAYS_EMBED_SWIFT_STANDARD_LIBRARIES = YES;
				BUNDLE_LOADER = "$(TEST_HOST)";
				DEVELOPMENT_TEAM = 2NJ9C6HADX;
				INFOPLIST_FILE = swiftDemoUIKitTests/Info.plist;
				LD_RUNPATH_SEARCH_PATHS = "$(inherited) @executable_path/Frameworks @loader_path/Frameworks";
				PRODUCT_BUNDLE_IDENTIFIER = com.project.swiftDemoUIKitTests;
				PRODUCT_NAME = "$(TARGET_NAME)";
				SWIFT_VERSION = 3.0;
				TEST_HOST = "$(BUILT_PRODUCTS_DIR)/swiftDemoUIKit.app/swiftDemoUIKit";
			};
			name = Release;
		};
		4732F29C1E1AAD61002EEBD7 /* Debug */ = {
			isa = XCBuildConfiguration;
			buildSettings = {
				ALWAYS_EMBED_SWIFT_STANDARD_LIBRARIES = YES;
				DEVELOPMENT_TEAM = 2NJ9C6HADX;
				INFOPLIST_FILE = swiftDemoUIKitUITests/Info.plist;
				LD_RUNPATH_SEARCH_PATHS = "$(inherited) @executable_path/Frameworks @loader_path/Frameworks";
				PRODUCT_BUNDLE_IDENTIFIER = com.project.swiftDemoUIKitUITests;
				PRODUCT_NAME = "$(TARGET_NAME)";
				SWIFT_VERSION = 3.0;
				TEST_TARGET_NAME = swiftDemoUIKit;
			};
			name = Debug;
		};
		4732F29D1E1AAD61002EEBD7 /* Release */ = {
			isa = XCBuildConfiguration;
			buildSettings = {
				ALWAYS_EMBED_SWIFT_STANDARD_LIBRARIES = YES;
				DEVELOPMENT_TEAM = 2NJ9C6HADX;
				INFOPLIST_FILE = swiftDemoUIKitUITests/Info.plist;
				LD_RUNPATH_SEARCH_PATHS = "$(inherited) @executable_path/Frameworks @loader_path/Frameworks";
				PRODUCT_BUNDLE_IDENTIFIER = com.project.swiftDemoUIKitUITests;
				PRODUCT_NAME = "$(TARGET_NAME)";
				SWIFT_VERSION = 3.0;
				TEST_TARGET_NAME = swiftDemoUIKit;
			};
			name = Release;
		};
/* End XCBuildConfiguration section */

/* Begin XCConfigurationList section */
		4732F2681E1AAD61002EEBD7 /* Build configuration list for PBXProject "swiftDemoUIKit" */ = {
			isa = XCConfigurationList;
			buildConfigurations = (
				4732F2931E1AAD61002EEBD7 /* Debug */,
				4732F2941E1AAD61002EEBD7 /* Release */,
			);
			defaultConfigurationIsVisible = 0;
			defaultConfigurationName = Release;
		};
		4732F2951E1AAD61002EEBD7 /* Build configuration list for PBXNativeTarget "swiftDemoUIKit" */ = {
			isa = XCConfigurationList;
			buildConfigurations = (
				4732F2961E1AAD61002EEBD7 /* Debug */,
				4732F2971E1AAD61002EEBD7 /* Release */,
			);
			defaultConfigurationIsVisible = 0;
		};
		4732F2981E1AAD61002EEBD7 /* Build configuration list for PBXNativeTarget "swiftDemoUIKitTests" */ = {
			isa = XCConfigurationList;
			buildConfigurations = (
				4732F2991E1AAD61002EEBD7 /* Debug */,
				4732F29A1E1AAD61002EEBD7 /* Release */,
			);
			defaultConfigurationIsVisible = 0;
		};
		4732F29B1E1AAD61002EEBD7 /* Build configuration list for PBXNativeTarget "swiftDemoUIKitUITests" */ = {
			isa = XCConfigurationList;
			buildConfigurations = (
				4732F29C1E1AAD61002EEBD7 /* Debug */,
				4732F29D1E1AAD61002EEBD7 /* Release */,
			);
			defaultConfigurationIsVisible = 0;
		};
/* End XCConfigurationList section */
	};
	rootObject = 4732F2651E1AAD61002EEBD7 /* Project object */;
}
